
Microsoft Visual Studio Solution File, Format Version 12.00
# Visual Studio 14
VisualStudioVersion = 14.0.24720.0
MinimumVisualStudioVersion = 10.0.40219.1
Project("{FAE04EC0-301F-11D3-BF4B-00C04F79EFBC}") = "MongoDbGenericRepository", "MongoDbGenericRepository\MongoDbGenericRepository.csproj", "{D154E7D0-9A3C-43AB-8E90-ED92BC4343F0}"
EndProject
Global
	GlobalSection(SolutionConfigurationPlatforms) = preSolution
		Debug|Any CPU = Debug|Any CPU
		Release|Any CPU = Release|Any CPU
	EndGlobalSection
	GlobalSection(ProjectConfigurationPlatforms) = postSolution
		{D154E7D0-9A3C-43AB-8E90-ED92BC4343F0}.Debug|Any CPU.ActiveCfg = Debug|Any CPU
		{D154E7D0-9A3C-43AB-8E90-ED92BC4343F0}.Debug|Any CPU.Build.0 = Debug|Any CPU
		{D154E7D0-9A3C-43AB-8E90-ED92BC4343F0}.Release|Any CPU.ActiveCfg = Release|Any CPU
		{D154E7D0-9A3C-43AB-8E90-ED92BC4343F0}.Release|Any CPU.Build.0 = Release|Any CPU
	EndGlobalSection
	GlobalSection(SolutionProperties) = preSolution
		HideSolutionNode = FALSE
	EndGlobalSection
EndGlobal
