
Microsoft Visual Studio Solution File, Format Version 12.00
# Visual Studio 15
VisualStudioVersion = 15.0.26730.12
MinimumVisualStudioVersion = 10.0.40219.1
Project("{FAE04EC0-301F-11D3-BF4B-00C04F79EFBC}") = "IntegrationTests", "IntegrationTests\IntegrationTests.csproj", "{A484A355-A015-40CC-9B35-A4E872421128}"
EndProject
Project("{9A19103F-16F7-4668-BE54-9A1E7A4F7556}") = "MongoDbGenericRepository", "MongoDbGenericRepository\MongoDbGenericRepository.csproj", "{EFC776C4-2AF3-440C-BE80-3FBE335817A5}"
EndProject
Project("{9A19103F-16F7-4668-BE54-9A1E7A4F7556}") = "CoreIntegrationTests", "CoreIntegrationTests\CoreIntegrationTests.csproj", "{C640C106-7A25-4E49-A0CF-E4F248E5A97F}"
EndProject
Global
	GlobalSection(SolutionConfigurationPlatforms) = preSolution
		Debug|Any CPU = Debug|Any CPU
		Release|Any CPU = Release|Any CPU
	EndGlobalSection
	GlobalSection(ProjectConfigurationPlatforms) = postSolution
		{A484A355-A015-40CC-9B35-A4E872421128}.Debug|Any CPU.ActiveCfg = Debug|Any CPU
		{A484A355-A015-40CC-9B35-A4E872421128}.Debug|Any CPU.Build.0 = Debug|Any CPU
		{A484A355-A015-40CC-9B35-A4E872421128}.Release|Any CPU.ActiveCfg = Release|Any CPU
		{A484A355-A015-40CC-9B35-A4E872421128}.Release|Any CPU.Build.0 = Release|Any CPU
		{EFC776C4-2AF3-440C-BE80-3FBE335817A5}.Debug|Any CPU.ActiveCfg = Debug|Any CPU
		{EFC776C4-2AF3-440C-BE80-3FBE335817A5}.Debug|Any CPU.Build.0 = Debug|Any CPU
		{EFC776C4-2AF3-440C-BE80-3FBE335817A5}.Release|Any CPU.ActiveCfg = Release|Any CPU
		{EFC776C4-2AF3-440C-BE80-3FBE335817A5}.Release|Any CPU.Build.0 = Release|Any CPU
		{C640C106-7A25-4E49-A0CF-E4F248E5A97F}.Debug|Any CPU.ActiveCfg = Debug|Any CPU
		{C640C106-7A25-4E49-A0CF-E4F248E5A97F}.Debug|Any CPU.Build.0 = Debug|Any CPU
		{C640C106-7A25-4E49-A0CF-E4F248E5A97F}.Release|Any CPU.ActiveCfg = Release|Any CPU
		{C640C106-7A25-4E49-A0CF-E4F248E5A97F}.Release|Any CPU.Build.0 = Release|Any CPU
	EndGlobalSection
	GlobalSection(SolutionProperties) = preSolution
		HideSolutionNode = FALSE
	EndGlobalSection
	GlobalSection(ExtensibilityGlobals) = postSolution
		SolutionGuid = {78214390-EFBD-403C-8AAA-5CD4CA5AE2ED}
	EndGlobalSection
EndGlobal
